
Microsoft Visual Studio Solution File, Format Version 12.00
# Visual Studio 15
VisualStudioVersion = 15.0.27703.2042
MinimumVisualStudioVersion = 10.0.40219.1
Project("{FAE04EC0-301F-11D3-BF4B-00C04F79EFBC}") = "Yousif_Community_Library_Software_Application", "Yousif_Community_Library_Software_Application\Yousif_Community_Library_Software_Application.csproj", "{A3427AF5-399E-449A-8C8D-F4B29553CCA8}"
EndProject
Global
	GlobalSection(SolutionConfigurationPlatforms) = preSolution
		Debug|Any CPU = Debug|Any CPU
		Release|Any CPU = Release|Any CPU
	EndGlobalSection
	GlobalSection(ProjectConfigurationPlatforms) = postSolution
		{A3427AF5-399E-449A-8C8D-F4B29553CCA8}.Debug|Any CPU.ActiveCfg = Debug|Any CPU
		{A3427AF5-399E-449A-8C8D-F4B29553CCA8}.Debug|Any CPU.Build.0 = Debug|Any CPU
		{A3427AF5-399E-449A-8C8D-F4B29553CCA8}.Release|Any CPU.ActiveCfg = Release|Any CPU
		{A3427AF5-399E-449A-8C8D-F4B29553CCA8}.Release|Any CPU.Build.0 = Release|Any CPU
	EndGlobalSection
	GlobalSection(SolutionProperties) = preSolution
		HideSolutionNode = FALSE
	EndGlobalSection
	GlobalSection(ExtensibilityGlobals) = postSolution
		SolutionGuid = {E5261348-9E31-4E74-9096-457D3BE6DE69}
	EndGlobalSection
EndGlobal
